
Microsoft Visual Studio Solution File, Format Version 12.00
# Visual Studio Version 17
VisualStudioVersion = 17.0.31903.59
MinimumVisualStudioVersion = 10.0.40219.1
Project("{2150E333-8FDC-42A3-9474-1A3956D46DE8}") = "src", "src", "{C1F299A7-4C8D-40DD-BE2E-10582FCF4650}"
EndProject
Project("{FAE04EC0-301F-11D3-BF4B-00C04F79EFBC}") = "Play.Common", "src\Play.Common\Play.Common.csproj", "{8B3CA3B8-0BE0-47FC-9EED-078B4EC74BA2}"
EndProject
Global
	GlobalSection(SolutionConfigurationPlatforms) = preSolution
		Debug|Any CPU = Debug|Any CPU
		Release|Any CPU = Release|Any CPU
	EndGlobalSection
	GlobalSection(SolutionProperties) = preSolution
		HideSolutionNode = FALSE
	EndGlobalSection
	GlobalSection(ProjectConfigurationPlatforms) = postSolution
		{8B3CA3B8-0BE0-47FC-9EED-078B4EC74BA2}.Debug|Any CPU.ActiveCfg = Debug|Any CPU
		{8B3CA3B8-0BE0-47FC-9EED-078B4EC74BA2}.Debug|Any CPU.Build.0 = Debug|Any CPU
		{8B3CA3B8-0BE0-47FC-9EED-078B4EC74BA2}.Release|Any CPU.ActiveCfg = Release|Any CPU
		{8B3CA3B8-0BE0-47FC-9EED-078B4EC74BA2}.Release|Any CPU.Build.0 = Release|Any CPU
	EndGlobalSection
	GlobalSection(NestedProjects) = preSolution
		{8B3CA3B8-0BE0-47FC-9EED-078B4EC74BA2} = {C1F299A7-4C8D-40DD-BE2E-10582FCF4650}
	EndGlobalSection
EndGlobal
